
Microsoft Visual Studio Solution File, Format Version 12.00
# Visual Studio Version 17
VisualStudioVersion = 17.3.32811.315
MinimumVisualStudioVersion = 10.0.40219.1
Project("{2150E333-8FDC-42A3-9474-1A3956D46DE8}") = "Clase 1", "Clase 1", "{AC9EEBC5-E817-4C4E-90F3-2C6B842CA368}"
EndProject
Project("{2150E333-8FDC-42A3-9474-1A3956D46DE8}") = "Clase 2", "Clase 2", "{2D45D64F-10E7-4D45-B6CC-CBD291BBF6C1}"
EndProject
Project("{9A19103F-16F7-4668-BE54-9A1E7A4F7556}") = "Ejercicio 1", "Ejercicio 1\Ejercicio 1.csproj", "{82AED5B4-D615-469D-85E7-5C0DBA607244}"
EndProject
Project("{9A19103F-16F7-4668-BE54-9A1E7A4F7556}") = "Ejercicio 2", "Ejercicio 2\Ejercicio 2.csproj", "{A223D5DC-8C70-4517-B097-6AE7ADDFE28E}"
EndProject
Project("{9A19103F-16F7-4668-BE54-9A1E7A4F7556}") = "Ejercicio 3", "Ejercicio 3\Ejercicio 3.csproj", "{BFA2F990-69B8-473D-A036-0C7FD34D5B62}"
EndProject
Project("{9A19103F-16F7-4668-BE54-9A1E7A4F7556}") = "Ejercicio 4", "Ejercicio 4\Ejercicio 4.csproj", "{1FD28FA7-89D1-49CD-AB83-5C2C3720B4CB}"
EndProject
Project("{9A19103F-16F7-4668-BE54-9A1E7A4F7556}") = "Ejercicio 5", "Ejercicio 5\Ejercicio 5.csproj", "{178D3453-FF35-4ECD-899B-A7ECF218D637}"
EndProject
Project("{9A19103F-16F7-4668-BE54-9A1E7A4F7556}") = "Ejercicio 6", "Ejercicio 6\Ejercicio 6.csproj", "{5C778482-1579-41AD-B662-078C2F98A285}"
EndProject
Project("{9A19103F-16F7-4668-BE54-9A1E7A4F7556}") = "Ejercicio 7", "Ejercicio 7\Ejercicio 7.csproj", "{05B302DB-81E0-477A-878F-DDCE59E6282E}"
EndProject
Project("{FAE04EC0-301F-11D3-BF4B-00C04F79EFBC}") = "Ejercicio 8", "Ejercicio 8\Ejercicio 8.csproj", "{84478178-4CAA-45E3-8149-2A4D1FD41635}"
EndProject
Project("{FAE04EC0-301F-11D3-BF4B-00C04F79EFBC}") = "Ejercicio 9", "Ejercicio 9\Ejercicio 9.csproj", "{3ABFC1AB-FB08-418C-97E8-06D98539B7B1}"
EndProject
Global
	GlobalSection(SolutionConfigurationPlatforms) = preSolution
		Debug|Any CPU = Debug|Any CPU
		Release|Any CPU = Release|Any CPU
	EndGlobalSection
	GlobalSection(ProjectConfigurationPlatforms) = postSolution
		{82AED5B4-D615-469D-85E7-5C0DBA607244}.Debug|Any CPU.ActiveCfg = Debug|Any CPU
		{82AED5B4-D615-469D-85E7-5C0DBA607244}.Debug|Any CPU.Build.0 = Debug|Any CPU
		{82AED5B4-D615-469D-85E7-5C0DBA607244}.Release|Any CPU.ActiveCfg = Release|Any CPU
		{82AED5B4-D615-469D-85E7-5C0DBA607244}.Release|Any CPU.Build.0 = Release|Any CPU
		{A223D5DC-8C70-4517-B097-6AE7ADDFE28E}.Debug|Any CPU.ActiveCfg = Debug|Any CPU
		{A223D5DC-8C70-4517-B097-6AE7ADDFE28E}.Debug|Any CPU.Build.0 = Debug|Any CPU
		{A223D5DC-8C70-4517-B097-6AE7ADDFE28E}.Release|Any CPU.ActiveCfg = Release|Any CPU
		{A223D5DC-8C70-4517-B097-6AE7ADDFE28E}.Release|Any CPU.Build.0 = Release|Any CPU
		{BFA2F990-69B8-473D-A036-0C7FD34D5B62}.Debug|Any CPU.ActiveCfg = Debug|Any CPU
		{BFA2F990-69B8-473D-A036-0C7FD34D5B62}.Debug|Any CPU.Build.0 = Debug|Any CPU
		{BFA2F990-69B8-473D-A036-0C7FD34D5B62}.Release|Any CPU.ActiveCfg = Release|Any CPU
		{BFA2F990-69B8-473D-A036-0C7FD34D5B62}.Release|Any CPU.Build.0 = Release|Any CPU
		{1FD28FA7-89D1-49CD-AB83-5C2C3720B4CB}.Debug|Any CPU.ActiveCfg = Debug|Any CPU
		{1FD28FA7-89D1-49CD-AB83-5C2C3720B4CB}.Debug|Any CPU.Build.0 = Debug|Any CPU
		{1FD28FA7-89D1-49CD-AB83-5C2C3720B4CB}.Release|Any CPU.ActiveCfg = Release|Any CPU
		{1FD28FA7-89D1-49CD-AB83-5C2C3720B4CB}.Release|Any CPU.Build.0 = Release|Any CPU
		{178D3453-FF35-4ECD-899B-A7ECF218D637}.Debug|Any CPU.ActiveCfg = Debug|Any CPU
		{178D3453-FF35-4ECD-899B-A7ECF218D637}.Debug|Any CPU.Build.0 = Debug|Any CPU
		{178D3453-FF35-4ECD-899B-A7ECF218D637}.Release|Any CPU.ActiveCfg = Release|Any CPU
		{178D3453-FF35-4ECD-899B-A7ECF218D637}.Release|Any CPU.Build.0 = Release|Any CPU
		{5C778482-1579-41AD-B662-078C2F98A285}.Debug|Any CPU.ActiveCfg = Debug|Any CPU
		{5C778482-1579-41AD-B662-078C2F98A285}.Debug|Any CPU.Build.0 = Debug|Any CPU
		{5C778482-1579-41AD-B662-078C2F98A285}.Release|Any CPU.ActiveCfg = Release|Any CPU
		{5C778482-1579-41AD-B662-078C2F98A285}.Release|Any CPU.Build.0 = Release|Any CPU
		{05B302DB-81E0-477A-878F-DDCE59E6282E}.Debug|Any CPU.ActiveCfg = Debug|Any CPU
		{05B302DB-81E0-477A-878F-DDCE59E6282E}.Debug|Any CPU.Build.0 = Debug|Any CPU
		{05B302DB-81E0-477A-878F-DDCE59E6282E}.Release|Any CPU.ActiveCfg = Release|Any CPU
		{05B302DB-81E0-477A-878F-DDCE59E6282E}.Release|Any CPU.Build.0 = Release|Any CPU
		{84478178-4CAA-45E3-8149-2A4D1FD41635}.Debug|Any CPU.ActiveCfg = Debug|Any CPU
		{84478178-4CAA-45E3-8149-2A4D1FD41635}.Debug|Any CPU.Build.0 = Debug|Any CPU
		{84478178-4CAA-45E3-8149-2A4D1FD41635}.Release|Any CPU.ActiveCfg = Release|Any CPU
		{84478178-4CAA-45E3-8149-2A4D1FD41635}.Release|Any CPU.Build.0 = Release|Any CPU
		{3ABFC1AB-FB08-418C-97E8-06D98539B7B1}.Debug|Any CPU.ActiveCfg = Debug|Any CPU
		{3ABFC1AB-FB08-418C-97E8-06D98539B7B1}.Debug|Any CPU.Build.0 = Debug|Any CPU
		{3ABFC1AB-FB08-418C-97E8-06D98539B7B1}.Release|Any CPU.ActiveCfg = Release|Any CPU
		{3ABFC1AB-FB08-418C-97E8-06D98539B7B1}.Release|Any CPU.Build.0 = Release|Any CPU
	EndGlobalSection
	GlobalSection(SolutionProperties) = preSolution
		HideSolutionNode = FALSE
	EndGlobalSection
	GlobalSection(NestedProjects) = preSolution
		{82AED5B4-D615-469D-85E7-5C0DBA607244} = {AC9EEBC5-E817-4C4E-90F3-2C6B842CA368}
		{A223D5DC-8C70-4517-B097-6AE7ADDFE28E} = {AC9EEBC5-E817-4C4E-90F3-2C6B842CA368}
		{BFA2F990-69B8-473D-A036-0C7FD34D5B62} = {AC9EEBC5-E817-4C4E-90F3-2C6B842CA368}
		{1FD28FA7-89D1-49CD-AB83-5C2C3720B4CB} = {AC9EEBC5-E817-4C4E-90F3-2C6B842CA368}
		{178D3453-FF35-4ECD-899B-A7ECF218D637} = {AC9EEBC5-E817-4C4E-90F3-2C6B842CA368}
		{5C778482-1579-41AD-B662-078C2F98A285} = {AC9EEBC5-E817-4C4E-90F3-2C6B842CA368}
		{05B302DB-81E0-477A-878F-DDCE59E6282E} = {AC9EEBC5-E817-4C4E-90F3-2C6B842CA368}
		{84478178-4CAA-45E3-8149-2A4D1FD41635} = {AC9EEBC5-E817-4C4E-90F3-2C6B842CA368}
		{3ABFC1AB-FB08-418C-97E8-06D98539B7B1} = {AC9EEBC5-E817-4C4E-90F3-2C6B842CA368}
	EndGlobalSection
	GlobalSection(ExtensibilityGlobals) = postSolution
		SolutionGuid = {C936CACC-E23D-4B65-B8AE-7EBEE51887E8}
	EndGlobalSection
EndGlobal
